
Microsoft Visual Studio Solution File, Format Version 12.00
# Visual Studio Version 16
VisualStudioVersion = 16.0.31004.235
MinimumVisualStudioVersion = 10.0.40219.1
Project("{FAE04EC0-301F-11D3-BF4B-00C04F79EFBC}") = "UserSecrets.Tests", "UserSecrets.Tests\UserSecrets.Tests.csproj", "{3FEB626B-ECDD-4C67-B860-D15870088F92}"
EndProject
Global
	GlobalSection(SolutionConfigurationPlatforms) = preSolution
		Debug|Any CPU = Debug|Any CPU
		Release|Any CPU = Release|Any CPU
	EndGlobalSection
	GlobalSection(ProjectConfigurationPlatforms) = postSolution
		{3FEB626B-ECDD-4C67-B860-D15870088F92}.Debug|Any CPU.ActiveCfg = Debug|Any CPU
		{3FEB626B-ECDD-4C67-B860-D15870088F92}.Debug|Any CPU.Build.0 = Debug|Any CPU
		{3FEB626B-ECDD-4C67-B860-D15870088F92}.Release|Any CPU.ActiveCfg = Release|Any CPU
		{3FEB626B-ECDD-4C67-B860-D15870088F92}.Release|Any CPU.Build.0 = Release|Any CPU
	EndGlobalSection
	GlobalSection(SolutionProperties) = preSolution
		HideSolutionNode = FALSE
	EndGlobalSection
	GlobalSection(ExtensibilityGlobals) = postSolution
		SolutionGuid = {63575CE7-6E71-4DA2-97B3-33F8489DA86C}
	EndGlobalSection
EndGlobal
